
Microsoft Visual Studio Solution File, Format Version 12.00
# Visual Studio 15
VisualStudioVersion = 15.0.28307.489
MinimumVisualStudioVersion = 10.0.40219.1
Project("{FAE04EC0-301F-11D3-BF4B-00C04F79EFBC}") = "UmbracoSample", "UmbracoSample\UmbracoSample.csproj", "{9901F1F2-194F-41C1-9432-2493CDA7ABC3}"
EndProject
Global
	GlobalSection(SolutionConfigurationPlatforms) = preSolution
		Debug|Any CPU = Debug|Any CPU
		Release|Any CPU = Release|Any CPU
	EndGlobalSection
	GlobalSection(ProjectConfigurationPlatforms) = postSolution
		{9901F1F2-194F-41C1-9432-2493CDA7ABC3}.Debug|Any CPU.ActiveCfg = Debug|Any CPU
		{9901F1F2-194F-41C1-9432-2493CDA7ABC3}.Debug|Any CPU.Build.0 = Debug|Any CPU
		{9901F1F2-194F-41C1-9432-2493CDA7ABC3}.Release|Any CPU.ActiveCfg = Release|Any CPU
		{9901F1F2-194F-41C1-9432-2493CDA7ABC3}.Release|Any CPU.Build.0 = Release|Any CPU
	EndGlobalSection
	GlobalSection(SolutionProperties) = preSolution
		HideSolutionNode = FALSE
	EndGlobalSection
	GlobalSection(ExtensibilityGlobals) = postSolution
		SolutionGuid = {A3F3ABC7-26F0-407D-8767-F360BFD99DFD}
	EndGlobalSection
EndGlobal
